
Microsoft Visual Studio Solution File, Format Version 12.00
# Visual Studio Version 16
VisualStudioVersion = 16.0.31911.196
MinimumVisualStudioVersion = 10.0.40219.1
Project("{FAE04EC0-301F-11D3-BF4B-00C04F79EFBC}") = "LAB_04", "LAB_04\LAB_04.csproj", "{DEE4295D-81C6-4848-8700-0C6F5ECA3325}"
EndProject
Global
	GlobalSection(SolutionConfigurationPlatforms) = preSolution
		Debug|Any CPU = Debug|Any CPU
		Release|Any CPU = Release|Any CPU
	EndGlobalSection
	GlobalSection(ProjectConfigurationPlatforms) = postSolution
		{DEE4295D-81C6-4848-8700-0C6F5ECA3325}.Debug|Any CPU.ActiveCfg = Debug|Any CPU
		{DEE4295D-81C6-4848-8700-0C6F5ECA3325}.Debug|Any CPU.Build.0 = Debug|Any CPU
		{DEE4295D-81C6-4848-8700-0C6F5ECA3325}.Release|Any CPU.ActiveCfg = Release|Any CPU
		{DEE4295D-81C6-4848-8700-0C6F5ECA3325}.Release|Any CPU.Build.0 = Release|Any CPU
	EndGlobalSection
	GlobalSection(SolutionProperties) = preSolution
		HideSolutionNode = FALSE
	EndGlobalSection
	GlobalSection(ExtensibilityGlobals) = postSolution
		SolutionGuid = {CE5AAEBC-A89C-4A5C-A653-C93F5CD8A43B}
	EndGlobalSection
EndGlobal
